Microsoft Visual Studio Solution File, Format Version 12.00
# Visual Studio Version 17
VisualStudioVersion = 17.5.2.0
MinimumVisualStudioVersion = 10.0.40219.1
Project("{FAE04EC0-301F-11D3-BF4B-00C04F79EFBC}") = "FitTrackAPI", "FitTrackAPI.csproj", "{501291D8-35DC-B924-8580-2D9FD1B97D90}"
EndProject
Global
	GlobalSection(SolutionConfigurationPlatforms) = preSolution
		Debug|Any CPU = Debug|Any CPU
		Release|Any CPU = Release|Any CPU
	EndGlobalSection
	GlobalSection(ProjectConfigurationPlatforms) = postSolution
		{501291D8-35DC-B924-8580-2D9FD1B97D90}.Debug|Any CPU.ActiveCfg = Debug|Any CPU
		{501291D8-35DC-B924-8580-2D9FD1B97D90}.Debug|Any CPU.Build.0 = Debug|Any CPU
		{501291D8-35DC-B924-8580-2D9FD1B97D90}.Release|Any CPU.ActiveCfg = Release|Any CPU
		{501291D8-35DC-B924-8580-2D9FD1B97D90}.Release|Any CPU.Build.0 = Release|Any CPU
	EndGlobalSection
	GlobalSection(SolutionProperties) = preSolution
		HideSolutionNode = FALSE
	EndGlobalSection
	GlobalSection(ExtensibilityGlobals) = postSolution
		SolutionGuid = {E0CBEF91-FF0D-417F-9DFE-72B62525DE87}
	EndGlobalSection
EndGlobal
